
Microsoft Visual Studio Solution File, Format Version 12.00
# Visual Studio Version 16
VisualStudioVersion = 16.0.31313.79
MinimumVisualStudioVersion = 10.0.40219.1
Project("{FAE04EC0-301F-11D3-BF4B-00C04F79EFBC}") = "Assignment1_Summer2021", "Assignment1_Summer2021\Assignment1_Summer2021.csproj", "{0662E2AB-BA37-4FCF-8455-F43A47DD0D87}"
EndProject
Global
	GlobalSection(SolutionConfigurationPlatforms) = preSolution
		Debug|Any CPU = Debug|Any CPU
		Release|Any CPU = Release|Any CPU
	EndGlobalSection
	GlobalSection(ProjectConfigurationPlatforms) = postSolution
		{0662E2AB-BA37-4FCF-8455-F43A47DD0D87}.Debug|Any CPU.ActiveCfg = Debug|Any CPU
		{0662E2AB-BA37-4FCF-8455-F43A47DD0D87}.Debug|Any CPU.Build.0 = Debug|Any CPU
		{0662E2AB-BA37-4FCF-8455-F43A47DD0D87}.Release|Any CPU.ActiveCfg = Release|Any CPU
		{0662E2AB-BA37-4FCF-8455-F43A47DD0D87}.Release|Any CPU.Build.0 = Release|Any CPU
	EndGlobalSection
	GlobalSection(SolutionProperties) = preSolution
		HideSolutionNode = FALSE
	EndGlobalSection
	GlobalSection(ExtensibilityGlobals) = postSolution
		SolutionGuid = {350D0BD8-D505-47E7-9DEC-CF2E960AFB27}
	EndGlobalSection
EndGlobal
